
Microsoft Visual Studio Solution File, Format Version 12.00
# Visual Studio Version 17
VisualStudioVersion = 17.5.33530.505
MinimumVisualStudioVersion = 10.0.40219.1
Project("{9A19103F-16F7-4668-BE54-9A1E7A4F7556}") = "FinalExamCSHarp_NeilLopes", "FinalExamCSHarp_NeilLopes.csproj", "{6132D77F-23A9-4D91-9F19-544134209507}"
EndProject
Global
	GlobalSection(SolutionConfigurationPlatforms) = preSolution
		Debug|Any CPU = Debug|Any CPU
		Release|Any CPU = Release|Any CPU
	EndGlobalSection
	GlobalSection(ProjectConfigurationPlatforms) = postSolution
		{6132D77F-23A9-4D91-9F19-544134209507}.Debug|Any CPU.ActiveCfg = Debug|Any CPU
		{6132D77F-23A9-4D91-9F19-544134209507}.Debug|Any CPU.Build.0 = Debug|Any CPU
		{6132D77F-23A9-4D91-9F19-544134209507}.Release|Any CPU.ActiveCfg = Release|Any CPU
		{6132D77F-23A9-4D91-9F19-544134209507}.Release|Any CPU.Build.0 = Release|Any CPU
	EndGlobalSection
	GlobalSection(SolutionProperties) = preSolution
		HideSolutionNode = FALSE
	EndGlobalSection
	GlobalSection(ExtensibilityGlobals) = postSolution
		SolutionGuid = {53C80A09-0EA4-43D7-8629-9DCBA1C930DD}
	EndGlobalSection
EndGlobal
